Microsoft Visual Studio Solution File, Format Version 12.00
# Visual Studio 15
VisualStudioVersion = 15.0.26228.9
MinimumVisualStudioVersion = 15.0.26124.0
Project("{2150E333-8FDC-42A3-9474-1A3956D46DE8}") = "src", "src", "{1FD3A31C-B9BB-46AD-B42A-6EB5908F8EDA}"
EndProject
Project("{F2A71F9B-5D33-465A-A702-920D77279786}") = "lackluster.electron", "src\Lackluster.Electron\lackluster.electron.fsproj", "{12AB0898-B951-4268-B6EF-44CCA668CAA9}"
EndProject
Project("{2150E333-8FDC-42A3-9474-1A3956D46DE8}") = "Lackluster.React", "Lackluster.React", "{AAF55580-4D64-4AA9-930B-EF42F6024456}"
EndProject
Project("{FAE04EC0-301F-11D3-BF4B-00C04F79EFBC}") = "Utils", "src\Lackluster.React\Utils\Utils.csproj", "{787F706A-FCF0-401B-9B39-31388059B9AE}"
EndProject
Project("{FAE04EC0-301F-11D3-BF4B-00C04F79EFBC}") = "Lackluster", "src\Lackluster.React\Lackluster\Lackluster.csproj", "{E27073DE-05D9-41F9-BE00-334C39538426}"
EndProject
Project("{FAE04EC0-301F-11D3-BF4B-00C04F79EFBC}") = "Lackluster.Tests", "src\Lackluster.React\Lackluster.Tests\Lackluster.Tests.csproj", "{C6C8F3F9-7671-4500-925F-DBC17A06622C}"
EndProject
Global
	GlobalSection(SolutionProperties) = preSolution
		HideSolutionNode = FALSE
	EndGlobalSection
	GlobalSection(SolutionConfigurationPlatforms) = preSolution
		Debug|Any CPU = Debug|Any CPU
		Debug|x64 = Debug|x64
		Debug|x86 = Debug|x86
		Release|Any CPU = Release|Any CPU
		Release|x64 = Release|x64
		Release|x86 = Release|x86
	EndGlobalSection
	GlobalSection(ProjectConfigurationPlatforms) = postSolution
		{12AB0898-B951-4268-B6EF-44CCA668CAA9}.Debug|Any CPU.ActiveCfg = Debug|Any CPU
		{12AB0898-B951-4268-B6EF-44CCA668CAA9}.Debug|Any CPU.Build.0 = Debug|Any CPU
		{12AB0898-B951-4268-B6EF-44CCA668CAA9}.Debug|x64.ActiveCfg = Debug|x64
		{12AB0898-B951-4268-B6EF-44CCA668CAA9}.Debug|x64.Build.0 = Debug|x64
		{12AB0898-B951-4268-B6EF-44CCA668CAA9}.Debug|x86.ActiveCfg = Debug|x86
		{12AB0898-B951-4268-B6EF-44CCA668CAA9}.Debug|x86.Build.0 = Debug|x86
		{12AB0898-B951-4268-B6EF-44CCA668CAA9}.Release|Any CPU.ActiveCfg = Release|Any CPU
		{12AB0898-B951-4268-B6EF-44CCA668CAA9}.Release|Any CPU.Build.0 = Release|Any CPU
		{12AB0898-B951-4268-B6EF-44CCA668CAA9}.Release|x64.ActiveCfg = Release|x64
		{12AB0898-B951-4268-B6EF-44CCA668CAA9}.Release|x64.Build.0 = Release|x64
		{12AB0898-B951-4268-B6EF-44CCA668CAA9}.Release|x86.ActiveCfg = Release|x86
		{12AB0898-B951-4268-B6EF-44CCA668CAA9}.Release|x86.Build.0 = Release|x86
		{787F706A-FCF0-401B-9B39-31388059B9AE}.Debug|Any CPU.ActiveCfg = Debug|Any CPU
		{787F706A-FCF0-401B-9B39-31388059B9AE}.Debug|Any CPU.Build.0 = Debug|Any CPU
		{787F706A-FCF0-401B-9B39-31388059B9AE}.Debug|x64.ActiveCfg = Debug|x64
		{787F706A-FCF0-401B-9B39-31388059B9AE}.Debug|x64.Build.0 = Debug|x64
		{787F706A-FCF0-401B-9B39-31388059B9AE}.Debug|x86.ActiveCfg = Debug|x86
		{787F706A-FCF0-401B-9B39-31388059B9AE}.Debug|x86.Build.0 = Debug|x86
		{787F706A-FCF0-401B-9B39-31388059B9AE}.Release|Any CPU.ActiveCfg = Release|Any CPU
		{787F706A-FCF0-401B-9B39-31388059B9AE}.Release|Any CPU.Build.0 = Release|Any CPU
		{787F706A-FCF0-401B-9B39-31388059B9AE}.Release|x64.ActiveCfg = Release|x64
		{787F706A-FCF0-401B-9B39-31388059B9AE}.Release|x64.Build.0 = Release|x64
		{787F706A-FCF0-401B-9B39-31388059B9AE}.Release|x86.ActiveCfg = Release|x86
		{787F706A-FCF0-401B-9B39-31388059B9AE}.Release|x86.Build.0 = Release|x86
		{E27073DE-05D9-41F9-BE00-334C39538426}.Debug|Any CPU.ActiveCfg = Debug|Any CPU
		{E27073DE-05D9-41F9-BE00-334C39538426}.Debug|Any CPU.Build.0 = Debug|Any CPU
		{E27073DE-05D9-41F9-BE00-334C39538426}.Debug|x64.ActiveCfg = Debug|x64
		{E27073DE-05D9-41F9-BE00-334C39538426}.Debug|x64.Build.0 = Debug|x64
		{E27073DE-05D9-41F9-BE00-334C39538426}.Debug|x86.ActiveCfg = Debug|x86
		{E27073DE-05D9-41F9-BE00-334C39538426}.Debug|x86.Build.0 = Debug|x86
		{E27073DE-05D9-41F9-BE00-334C39538426}.Release|Any CPU.ActiveCfg = Release|Any CPU
		{E27073DE-05D9-41F9-BE00-334C39538426}.Release|Any CPU.Build.0 = Release|Any CPU
		{E27073DE-05D9-41F9-BE00-334C39538426}.Release|x64.ActiveCfg = Release|x64
		{E27073DE-05D9-41F9-BE00-334C39538426}.Release|x64.Build.0 = Release|x64
		{E27073DE-05D9-41F9-BE00-334C39538426}.Release|x86.ActiveCfg = Release|x86
		{E27073DE-05D9-41F9-BE00-334C39538426}.Release|x86.Build.0 = Release|x86
		{C6C8F3F9-7671-4500-925F-DBC17A06622C}.Debug|Any CPU.ActiveCfg = Debug|Any CPU
		{C6C8F3F9-7671-4500-925F-DBC17A06622C}.Debug|Any CPU.Build.0 = Debug|Any CPU
		{C6C8F3F9-7671-4500-925F-DBC17A06622C}.Debug|x64.ActiveCfg = Debug|x64
		{C6C8F3F9-7671-4500-925F-DBC17A06622C}.Debug|x64.Build.0 = Debug|x64
		{C6C8F3F9-7671-4500-925F-DBC17A06622C}.Debug|x86.ActiveCfg = Debug|x86
		{C6C8F3F9-7671-4500-925F-DBC17A06622C}.Debug|x86.Build.0 = Debug|x86
		{C6C8F3F9-7671-4500-925F-DBC17A06622C}.Release|Any CPU.ActiveCfg = Release|Any CPU
		{C6C8F3F9-7671-4500-925F-DBC17A06622C}.Release|Any CPU.Build.0 = Release|Any CPU
		{C6C8F3F9-7671-4500-925F-DBC17A06622C}.Release|x64.ActiveCfg = Release|x64
		{C6C8F3F9-7671-4500-925F-DBC17A06622C}.Release|x64.Build.0 = Release|x64
		{C6C8F3F9-7671-4500-925F-DBC17A06622C}.Release|x86.ActiveCfg = Release|x86
		{C6C8F3F9-7671-4500-925F-DBC17A06622C}.Release|x86.Build.0 = Release|x86
	EndGlobalSection
	GlobalSection(NestedProjects) = preSolution
		{12AB0898-B951-4268-B6EF-44CCA668CAA9} = {1FD3A31C-B9BB-46AD-B42A-6EB5908F8EDA}
		{AAF55580-4D64-4AA9-930B-EF42F6024456} = {1FD3A31C-B9BB-46AD-B42A-6EB5908F8EDA}
		{787F706A-FCF0-401B-9B39-31388059B9AE} = {AAF55580-4D64-4AA9-930B-EF42F6024456}
		{E27073DE-05D9-41F9-BE00-334C39538426} = {AAF55580-4D64-4AA9-930B-EF42F6024456}
		{C6C8F3F9-7671-4500-925F-DBC17A06622C} = {AAF55580-4D64-4AA9-930B-EF42F6024456}
	EndGlobalSection
EndGlobal
